
Microsoft Visual Studio Solution File, Format Version 12.00
# Visual Studio Version 17
VisualStudioVersion = 17.14.36811.4
MinimumVisualStudioVersion = 10.0.40219.1
Project("{FAE04EC0-301F-11D3-BF4B-00C04F79EFBC}") = "ACNH_win", "ACNH_win\ACNH_win.csproj", "{97C55A69-9926-4CEB-AB09-064724740538}"
EndProject
Global
	GlobalSection(SolutionConfigurationPlatforms) = preSolution
		Debug|Any CPU = Debug|Any CPU
		Release|Any CPU = Release|Any CPU
	EndGlobalSection
	GlobalSection(ProjectConfigurationPlatforms) = postSolution
		{97C55A69-9926-4CEB-AB09-064724740538}.Debug|Any CPU.ActiveCfg = Debug|Any CPU
		{97C55A69-9926-4CEB-AB09-064724740538}.Debug|Any CPU.Build.0 = Debug|Any CPU
		{97C55A69-9926-4CEB-AB09-064724740538}.Release|Any CPU.ActiveCfg = Release|Any CPU
		{97C55A69-9926-4CEB-AB09-064724740538}.Release|Any CPU.Build.0 = Release|Any CPU
	EndGlobalSection
	GlobalSection(SolutionProperties) = preSolution
		HideSolutionNode = FALSE
	EndGlobalSection
	GlobalSection(ExtensibilityGlobals) = postSolution
		SolutionGuid = {0E0D967F-2636-478F-9F72-3D6B1F74F95F}
	EndGlobalSection
EndGlobal
